// !$*UTF8*$!
{
	archiveVersion = 1;
	classes = {
	};
	objectVersion = 48;
	objects = {

/* Begin PBXBuildFile section */
		CE8EF7EA1F3635E5006349D0 /* AppDelegate.swift in Sources */ = {isa = PBXBuildFile; fileRef = CE8EF7E91F3635E5006349D0 /* AppDelegate.swift */; };
		CE8EF7EC1F3635E5006349D0 /* ViewController.swift in Sources */ = {isa = PBXBuildFile; fileRef = CE8EF7EB1F3635E5006349D0 /* ViewController.swift */; };
		CE8EF7EF1F3635E5006349D0 /* Main.storyboard in Resources */ = {isa = PBXBuildFile; fileRef = CE8EF7ED1F3635E5006349D0 /* Main.storyboard */; };
		CE8EF7F11F3635E5006349D0 /* Assets.xcassets in Resources */ = {isa = PBXBuildFile; fileRef = CE8EF7F01F3635E5006349D0 /* Assets.xcassets */; };
		CE8EF7F41F3635E5006349D0 /* LaunchScreen.storyboard in Resources */ = {isa = PBXBuildFile; fileRef = CE8EF7F21F3635E5006349D0 /* LaunchScreen.storyboard */; };
		CE8EF7FF1F3635E5006349D0 /* AppTreinamentoTests.swift in Sources */ = {isa = PBXBuildFile; fileRef = CE8EF7FE1F3635E5006349D0 /* AppTreinamentoTests.swift */; };
		CE8EF80A1F3635E5006349D0 /* AppTreinamentoUITests.swift in Sources */ = {isa = PBXBuildFile; fileRef = CE8EF8091F3635E5006349D0 /* AppTreinamentoUITests.swift */; };
/* End PBXBuildFile section */

/* Begin PBXContainerItemProxy section */
		CE8EF7FB1F3635E5006349D0 /* PBXContainerItemProxy */ = {
			isa = PBXContainerItemProxy;
			containerPortal = CE8EF7DE1F3635E5006349D0 /* Project object */;
			proxyType = 1;
			remoteGlobalIDString = CE8EF7E51F3635E5006349D0;
			remoteInfo = AppTreinamento;
		};
		CE8EF8061F3635E5006349D0 /* PBXContainerItemProxy */ = {
			isa = PBXContainerItemProxy;
			containerPortal = CE8EF7DE1F3635E5006349D0 /* Project object */;
			proxyType = 1;
			remoteGlobalIDString = CE8EF7E51F3635E5006349D0;
			remoteInfo = AppTreinamento;
		};
/* End PBXContainerItemProxy section */

/* Begin PBXFileReference section */
		CE8EF7E61F3635E5006349D0 /* AppTreinamento.app */ = {isa = PBXFileReference; explicitFileType = wrapper.application; includeInIndex = 0; path = AppTreinamento.app; sourceTree = BUILT_PRODUCTS_DIR; };
		CE8EF7E91F3635E5006349D0 /* AppDelegate.swift */ = {isa = PBXFileReference; lastKnownFileType = sourcecode.swift; path = AppDelegate.swift; sourceTree = "<group>"; };
		CE8EF7EB1F3635E5006349D0 /* ViewController.swift */ = {isa = PBXFileReference; lastKnownFileType = sourcecode.swift; path = ViewController.swift; sourceTree = "<group>"; };
		CE8EF7EE1F3635E5006349D0 /* Base */ = {isa = PBXFileReference; lastKnownFileType = file.storyboard; name = Base; path = Base.lproj/Main.storyboard; sourceTree = "<group>"; };
		CE8EF7F01F3635E5006349D0 /* Assets.xcassets */ = {isa = PBXFileReference; lastKnownFileType = folder.assetcatalog; path = Assets.xcassets; sourceTree = "<group>"; };
		CE8EF7F31F3635E5006349D0 /* Base */ = {isa = PBXFileReference; lastKnownFileType = file.storyboard; name = Base; path = Base.lproj/LaunchScreen.storyboard; sourceTree = "<group>"; };
		CE8EF7F51F3635E5006349D0 /* Info.plist */ = {isa = PBXFileReference; lastKnownFileType = text.plist.xml; path = Info.plist; sourceTree = "<group>"; };
		CE8EF7FA1F3635E5006349D0 /* AppTreinamentoTests.xctest */ = {isa = PBXFileReference; explicitFileType = wrapper.cfbundle; includeInIndex = 0; path = AppTreinamentoTests.xctest; sourceTree = BUILT_PRODUCTS_DIR; };
		CE8EF7FE1F3635E5006349D0 /* AppTreinamentoTests.swift */ = {isa = PBXFileReference; lastKnownFileType = sourcecode.swift; path = AppTreinamentoTests.swift; sourceTree = "<group>"; };
		CE8EF8001F3635E5006349D0 /* Info.plist */ = {isa = PBXFileReference; lastKnownFileType = text.plist.xml; path = Info.plist; sourceTree = "<group>"; };
		CE8EF8051F3635E5006349D0 /* AppTreinamentoUITests.xctest */ = {isa = PBXFileReference; explicitFileType = wrapper.cfbundle; includeInIndex = 0; path = AppTreinamentoUITests.xctest; sourceTree = BUILT_PRODUCTS_DIR; };
		CE8EF8091F3635E5006349D0 /* AppTreinamentoUITests.swift */ = {isa = PBXFileReference; lastKnownFileType = sourcecode.swift; path = AppTreinamentoUITests.swift; sourceTree = "<group>"; };
		CE8EF80B1F3635E5006349D0 /* Info.plist */ = {isa = PBXFileReference; lastKnownFileType = text.plist.xml; path = Info.plist; sourceTree = "<group>"; };
/* End PBXFileReference section */

/* Begin PBXFrameworksBuildPhase section */
		CE8EF7E31F3635E5006349D0 /* Frameworks */ = {
			isa = PBXFrameworksBuildPhase;
			buildActionMask = 2147483647;
			files = (
			);
			runOnlyForDeploymentPostprocessing = 0;
		};
		CE8EF7F71F3635E5006349D0 /* Frameworks */ = {
			isa = PBXFrameworksBuildPhase;
			buildActionMask = 2147483647;
			files = (
			);
			runOnlyForDeploymentPostprocessing = 0;
		};
		CE8EF8021F3635E5006349D0 /* Frameworks */ = {
			isa = PBXFrameworksBuildPhase;
			buildActionMask = 2147483647;
			files = (
			);
			runOnlyForDeploymentPostprocessing = 0;
		};
/* End PBXFrameworksBuildPhase section */

/* Begin PBXGroup section */
		CE8EF7DD1F3635E5006349D0 = {
			isa = PBXGroup;
			children = (
				CE8EF7E81F3635E5006349D0 /* AppTreinamento */,
				CE8EF7FD1F3635E5006349D0 /* AppTreinamentoTests */,
				CE8EF8081F3635E5006349D0 /* AppTreinamentoUITests */,
				CE8EF7E71F3635E5006349D0 /* Products */,
			);
			sourceTree = "<group>";
		};
		CE8EF7E71F3635E5006349D0 /* Products */ = {
			isa = PBXGroup;
			children = (
				CE8EF7E61F3635E5006349D0 /* AppTreinamento.app */,
				CE8EF7FA1F3635E5006349D0 /* AppTreinamentoTests.xctest */,
				CE8EF8051F3635E5006349D0 /* AppTreinamentoUITests.xctest */,
			);
			name = Products;
			sourceTree = "<group>";
		};
		CE8EF7E81F3635E5006349D0 /* AppTreinamento */ = {
			isa = PBXGroup;
			children = (
				CE8EF7E91F3635E5006349D0 /* AppDelegate.swift */,
				CE8EF7EB1F3635E5006349D0 /* ViewController.swift */,
				CE8EF7ED1F3635E5006349D0 /* Main.storyboard */,
				CE8EF7F01F3635E5006349D0 /* Assets.xcassets */,
				CE8EF7F21F3635E5006349D0 /* LaunchScreen.storyboard */,
				CE8EF7F51F3635E5006349D0 /* Info.plist */,
			);
			path = AppTreinamento;
			sourceTree = "<group>";
		};
		CE8EF7FD1F3635E5006349D0 /* AppTreinamentoTests */ = {
			isa = PBXGroup;
			children = (
				CE8EF7FE1F3635E5006349D0 /* AppTreinamentoTests.swift */,
				CE8EF8001F3635E5006349D0 /* Info.plist */,
			);
			path = AppTreinamentoTests;
			sourceTree = "<group>";
		};
		CE8EF8081F3635E5006349D0 /* AppTreinamentoUITests */ = {
			isa = PBXGroup;
			children = (
				CE8EF8091F3635E5006349D0 /* AppTreinamentoUITests.swift */,
				CE8EF80B1F3635E5006349D0 /* Info.plist */,
			);
			path = AppTreinamentoUITests;
			sourceTree = "<group>";
		};
/* End PBXGroup section */

/* Begin PBXNativeTarget section */
		CE8EF7E51F3635E5006349D0 /* AppTreinamento */ = {
			isa = PBXNativeTarget;
			buildConfigurationList = CE8EF80E1F3635E5006349D0 /* Build configuration list for PBXNativeTarget "AppTreinamento" */;
			buildPhases = (
				CE8EF7E21F3635E5006349D0 /* Sources */,
				CE8EF7E31F3635E5006349D0 /* Frameworks */,
				CE8EF7E41F3635E5006349D0 /* Resources */,
			);
			buildRules = (
			);
			dependencies = (
			);
			name = AppTreinamento;
			productName = AppTreinamento;
			productReference = CE8EF7E61F3635E5006349D0 /* AppTreinamento.app */;
			productType = "com.apple.product-type.application";
		};
		CE8EF7F91F3635E5006349D0 /* AppTreinamentoTests */ = {
			isa = PBXNativeTarget;
			buildConfigurationList = CE8EF8111F3635E5006349D0 /* Build configuration list for PBXNativeTarget "AppTreinamentoTests" */;
			buildPhases = (
				CE8EF7F61F3635E5006349D0 /* Sources */,
				CE8EF7F71F3635E5006349D0 /* Frameworks */,
				CE8EF7F81F3635E5006349D0 /* Resources */,
			);
			buildRules = (
			);
			dependencies = (
				CE8EF7FC1F3635E5006349D0 /* PBXTargetDependency */,
			);
			name = AppTreinamentoTests;
			productName = AppTreinamentoTests;
			productReference = CE8EF7FA1F3635E5006349D0 /* AppTreinamentoTests.xctest */;
			productType = "com.apple.product-type.bundle.unit-test";
		};
		CE8EF8041F3635E5006349D0 /* AppTreinamentoUITests */ = {
			isa = PBXNativeTarget;
			buildConfigurationList = CE8EF8141F3635E5006349D0 /* Build configuration list for PBXNativeTarget "AppTreinamentoUITests" */;
			buildPhases = (
				CE8EF8011F3635E5006349D0 /* Sources */,
				CE8EF8021F3635E5006349D0 /* Frameworks */,
				CE8EF8031F3635E5006349D0 /* Resources */,
			);
			buildRules = (
			);
			dependencies = (
				CE8EF8071F3635E5006349D0 /* PBXTargetDependency */,
			);
			name = AppTreinamentoUITests;
			productName = AppTreinamentoUITests;
			productReference = CE8EF8051F3635E5006349D0 /* AppTreinamentoUITests.xctest */;
			productType = "com.apple.product-type.bundle.ui-testing";
		};
/* End PBXNativeTarget section */

/* Begin PBXProject section */
		CE8EF7DE1F3635E5006349D0 /* Project object */ = {
			isa = PBXProject;
			attributes = {
				LastSwiftUpdateCheck = 0900;
				LastUpgradeCheck = 0900;
				ORGANIZATIONNAME = Guimaraes;
				TargetAttributes = {
					CE8EF7E51F3635E5006349D0 = {
						CreatedOnToolsVersion = 9.0;
					};
					CE8EF7F91F3635E5006349D0 = {
						CreatedOnToolsVersion = 9.0;
						TestTargetID = CE8EF7E51F3635E5006349D0;
					};
					CE8EF8041F3635E5006349D0 = {
						CreatedOnToolsVersion = 9.0;
						TestTargetID = CE8EF7E51F3635E5006349D0;
					};
				};
			};
			buildConfigurationList = CE8EF7E11F3635E5006349D0 /* Build configuration list for PBXProject "AppTreinamento" */;
			compatibilityVersion = "Xcode 8.0";
			developmentRegion = en;
			hasScannedForEncodings = 0;
			knownRegions = (
				en,
				Base,
			);
			mainGroup = CE8EF7DD1F3635E5006349D0;
			productRefGroup = CE8EF7E71F3635E5006349D0 /* Products */;
			projectDirPath = "";
			projectRoot = "";
			targets = (
				CE8EF7E51F3635E5006349D0 /* AppTreinamento */,
				CE8EF7F91F3635E5006349D0 /* AppTreinamentoTests */,
				CE8EF8041F3635E5006349D0 /* AppTreinamentoUITests */,
			);
		};
/* End PBXProject section */

/* Begin PBXResourcesBuildPhase section */
		CE8EF7E41F3635E5006349D0 /* Resources */ = {
			isa = PBXResourcesBuildPhase;
			buildActionMask = 2147483647;
			files = (
				CE8EF7F41F3635E5006349D0 /* LaunchScreen.storyboard in Resources */,
				CE8EF7F11F3635E5006349D0 /* Assets.xcassets in Resources */,
				CE8EF7EF1F3635E5006349D0 /* Main.storyboard in Resources */,
			);
			runOnlyForDeploymentPostprocessing = 0;
		};
		CE8EF7F81F3635E5006349D0 /* Resources */ = {
			isa = PBXResourcesBuildPhase;
			buildActionMask = 2147483647;
			files = (
			);
			runOnlyForDeploymentPostprocessing = 0;
		};
		CE8EF8031F3635E5006349D0 /* Resources */ = {
			isa = PBXResourcesBuildPhase;
			buildActionMask = 2147483647;
			files = (
			);
			runOnlyForDeploymentPostprocessing = 0;
		};
/* End PBXResourcesBuildPhase section */

/* Begin PBXSourcesBuildPhase section */
		CE8EF7E21F3635E5006349D0 /* Sources */ = {
			isa = PBXSourcesBuildPhase;
			buildActionMask = 2147483647;
			files = (
				CE8EF7EC1F3635E5006349D0 /* ViewController.swift in Sources */,
				CE8EF7EA1F3635E5006349D0 /* AppDelegate.swift in Sources */,
			);
			runOnlyForDeploymentPostprocessing = 0;
		};
		CE8EF7F61F3635E5006349D0 /* Sources */ = {
			isa = PBXSourcesBuildPhase;
			buildActionMask = 2147483647;
			files = (
				CE8EF7FF1F3635E5006349D0 /* AppTreinamentoTests.swift in Sources */,
			);
			runOnlyForDeploymentPostprocessing = 0;
		};
		CE8EF8011F3635E5006349D0 /* Sources */ = {
			isa = PBXSourcesBuildPhase;
			buildActionMask = 2147483647;
			files = (
				CE8EF80A1F3635E5006349D0 /* AppTreinamentoUITests.swift in Sources */,
			);
			runOnlyForDeploymentPostprocessing = 0;
		};
/* End PBXSourcesBuildPhase section */

/* Begin PBXTargetDependency section */
		CE8EF7FC1F3635E5006349D0 /* PBXTargetDependency */ = {
			isa = PBXTargetDependency;
			target = CE8EF7E51F3635E5006349D0 /* AppTreinamento */;
			targetProxy = CE8EF7FB1F3635E5006349D0 /* PBXContainerItemProxy */;
		};
		CE8EF8071F3635E5006349D0 /* PBXTargetDependency */ = {
			isa = PBXTargetDependency;
			target = CE8EF7E51F3635E5006349D0 /* AppTreinamento */;
			targetProxy = CE8EF8061F3635E5006349D0 /* PBXContainerItemProxy */;
		};
/* End PBXTargetDependency section */

/* Begin PBXVariantGroup section */
		CE8EF7ED1F3635E5006349D0 /* Main.storyboard */ = {
			isa = PBXVariantGroup;
			children = (
				CE8EF7EE1F3635E5006349D0 /* Base */,
			);
			name = Main.storyboard;
			sourceTree = "<group>";
		};
		CE8EF7F21F3635E5006349D0 /* LaunchScreen.storyboard */ = {
			isa = PBXVariantGroup;
			children = (
				CE8EF7F31F3635E5006349D0 /* Base */,
			);
			name = LaunchScreen.storyboard;
			sourceTree = "<group>";
		};
/* End PBXVariantGroup section */

/* Begin XCBuildConfiguration section */
		CE8EF80C1F3635E5006349D0 /* Debug */ = {
			isa = XCBuildConfiguration;
			buildSettings = {
				ALWAYS_SEARCH_USER_PATHS = NO;
				CLANG_ANALYZER_NONNULL = YES;
				CLANG_ANALYZER_NUMBER_OBJECT_CONVERSION = YES_AGGRESSIVE;
				CLANG_CXX_LANGUAGE_STANDARD = "gnu++14";
				CLANG_CXX_LIBRARY = "libc++";
				CLANG_ENABLE_MODULES = YES;
				CLANG_ENABLE_OBJC_ARC = YES;
				CLANG_WARN_BLOCK_CAPTURE_AUTORELEASING = YES;
				CLANG_WARN_BOOL_CONVERSION = YES;
				CLANG_WARN_COMMA = YES;
				CLANG_WARN_CONSTANT_CONVERSION = YES;
				CLANG_WARN_DIRECT_OBJC_ISA_USAGE = YES_ERROR;
				CLANG_WARN_DOCUMENTATION_COMMENTS = YES;
				CLANG_WARN_EMPTY_BODY = YES;
				CLANG_WARN_ENUM_CONVERSION = YES;
				CLANG_WARN_INFINITE_RECURSION = YES;
				CLANG_WARN_INT_CONVERSION = YES;
				CLANG_WARN_NON_LITERAL_NULL_CONVERSION = YES;
				CLANG_WARN_OBJC_LITERAL_CONVERSION = YES;
				CLANG_WARN_OBJC_ROOT_CLASS = YES_ERROR;
				CLANG_WARN_RANGE_LOOP_ANALYSIS = YES;
				CLANG_WARN_STRICT_PROTOTYPES = YES;
				CLANG_WARN_SUSPICIOUS_MOVE = YES;
				CLANG_WARN_UNGUARDED_AVAILABILITY = YES_AGGRESSIVE;
				CLANG_WARN_UNREACHABLE_CODE = YES;
				CLANG_WARN__DUPLICATE_METHOD_MATCH = YES;
				CODE_SIGN_IDENTITY = "iPhone Developer";
				COPY_PHASE_STRIP = NO;
				DEBUG_INFORMATION_FORMAT = dwarf;
				ENABLE_STRICT_OBJC_MSGSEND = YES;
				ENABLE_TESTABILITY = YES;
				GCC_C_LANGUAGE_STANDARD = gnu11;
				GCC_DYNAMIC_NO_PIC = NO;
				GCC_NO_COMMON_BLOCKS = YES;
				GCC_OPTIMIZATION_LEVEL = 0;
				GCC_PREPROCESSOR_DEFINITIONS = (
					"DEBUG=1",
					"$(inherited)",
				);
				GCC_WARN_64_TO_32_BIT_CONVERSION = YES;
				GCC_WARN_ABOUT_RETURN_TYPE = YES_ERROR;
				GCC_WARN_UNDECLARED_SELECTOR = YES;
				GCC_WARN_UNINITIALIZED_AUTOS = YES_AGGRESSIVE;
				GCC_WARN_UNUSED_FUNCTION = YES;
				GCC_WARN_UNUSED_VARIABLE = YES;
				IPHONEOS_DEPLOYMENT_TARGET = 11.0;
				MTL_ENABLE_DEBUG_INFO = YES;
				ONLY_ACTIVE_ARCH = YES;
				SDKROOT = iphoneos;
				SWIFT_ACTIVE_COMPILATION_CONDITIONS = DEBUG;
				SWIFT_OPTIMIZATION_LEVEL = "-Onone";
			};
			name = Debug;
		};
		CE8EF80D1F3635E5006349D0 /* Release */ = {
			isa = XCBuildConfiguration;
			buildSettings = {
				ALWAYS_SEARCH_USER_PATHS = NO;
				CLANG_ANALYZER_NONNULL = YES;
				CLANG_ANALYZER_NUMBER_OBJECT_CONVERSION = YES_AGGRESSIVE;
				CLANG_CXX_LANGUAGE_STANDARD = "gnu++14";
				CLANG_CXX_LIBRARY = "libc++";
				CLANG_ENABLE_MODULES = YES;
				CLANG_ENABLE_OBJC_ARC = YES;
				CLANG_WARN_BLOCK_CAPTURE_AUTORELEASING = YES;
				CLANG_WARN_BOOL_CONVERSION = YES;
				CLANG_WARN_COMMA = YES;
				CLANG_WARN_CONSTANT_CONVERSION = YES;
				CLANG_WARN_DIRECT_OBJC_ISA_USAGE = YES_ERROR;
				CLANG_WARN_DOCUMENTATION_COMMENTS = YES;
				CLANG_WARN_EMPTY_BODY = YES;
				CLANG_WARN_ENUM_CONVERSION = YES;
				CLANG_WARN_INFINITE_RECURSION = YES;
				CLANG_WARN_INT_CONVERSION = YES;
				CLANG_WARN_NON_LITERAL_NULL_CONVERSION = YES;
				CLANG_WARN_OBJC_LITERAL_CONVERSION = YES;
				CLANG_WARN_OBJC_ROOT_CLASS = YES_ERROR;
				CLANG_WARN_RANGE_LOOP_ANALYSIS = YES;
				CLANG_WARN_STRICT_PROTOTYPES = YES;
				CLANG_WARN_SUSPICIOUS_MOVE = YES;
				CLANG_WARN_UNGUARDED_AVAILABILITY = YES_AGGRESSIVE;
				CLANG_WARN_UNREACHABLE_CODE = YES;
				CLANG_WARN__DUPLICATE_METHOD_MATCH = YES;
				CODE_SIGN_IDENTITY = "iPhone Developer";
				COPY_PHASE_STRIP = NO;
				DEBUG_INFORMATION_FORMAT = "dwarf-with-dsym";
				ENABLE_NS_ASSERTIONS = NO;
				ENABLE_STRICT_OBJC_MSGSEND = YES;
				GCC_C_LANGUAGE_STANDARD = gnu11;
				GCC_NO_COMMON_BLOCKS = YES;
				GCC_WARN_64_TO_32_BIT_CONVERSION = YES;
				GCC_WARN_ABOUT_RETURN_TYPE = YES_ERROR;
				GCC_WARN_UNDECLARED_SELECTOR = YES;
				GCC_WARN_UNINITIALIZED_AUTOS = YES_AGGRESSIVE;
				GCC_WARN_UNUSED_FUNCTION = YES;
				GCC_WARN_UNUSED_VARIABLE = YES;
				IPHONEOS_DEPLOYMENT_TARGET = 11.0;
				MTL_ENABLE_DEBUG_INFO = NO;
				SDKROOT = iphoneos;
				SWIFT_OPTIMIZATION_LEVEL = "-Owholemodule";
				VALIDATE_PRODUCT = YES;
			};
			name = Release;
		};
		CE8EF80F1F3635E5006349D0 /* Debug */ = {
			isa = XCBuildConfiguration;
			buildSettings = {
				ASSETCATALOG_COMPILER_APPICON_NAME = AppIcon;
				INFOPLIST_FILE = AppTreinamento/Info.plist;
				LD_RUNPATH_SEARCH_PATHS = "$(inherited) @executable_path/Frameworks";
				PRODUCT_BUNDLE_IDENTIFIER = br.com.guimaraes.AppTreinamento;
				PRODUCT_NAME = "$(TARGET_NAME)";
				SWIFT_VERSION = 4.0;
				TARGETED_DEVICE_FAMILY = "1,2";
			};
			name = Debug;
		};
		CE8EF8101F3635E5006349D0 /* Release */ = {
			isa = XCBuildConfiguration;
			buildSettings = {
				ASSETCATALOG_COMPILER_APPICON_NAME = AppIcon;
				INFOPLIST_FILE = AppTreinamento/Info.plist;
				LD_RUNPATH_SEARCH_PATHS = "$(inherited) @executable_path/Frameworks";
				PRODUCT_BUNDLE_IDENTIFIER = br.com.guimaraes.AppTreinamento;
				PRODUCT_NAME = "$(TARGET_NAME)";
				SWIFT_VERSION = 4.0;
				TARGETED_DEVICE_FAMILY = "1,2";
			};
			name = Release;
		};
		CE8EF8121F3635E5006349D0 /* Debug */ = {
			isa = XCBuildConfiguration;
			buildSettings = {
				ALWAYS_EMBED_SWIFT_STANDARD_LIBRARIES = YES;
				BUNDLE_LOADER = "$(TEST_HOST)";
				INFOPLIST_FILE = AppTreinamentoTests/Info.plist;
				LD_RUNPATH_SEARCH_PATHS = "$(inherited) @executable_path/Frameworks @loader_path/Frameworks";
				PRODUCT_BUNDLE_IDENTIFIER = br.com.guimaraes.AppTreinamentoTests;
				PRODUCT_NAME = "$(TARGET_NAME)";
				SWIFT_VERSION = 4.0;
				TARGETED_DEVICE_FAMILY = "1,2";
				TEST_HOST = "$(BUILT_PRODUCTS_DIR)/AppTreinamento.app/AppTreinamento";
			};
			name = Debug;
		};
		CE8EF8131F3635E5006349D0 /* Release */ = {
			isa = XCBuildConfiguration;
			buildSettings = {
				ALWAYS_EMBED_SWIFT_STANDARD_LIBRARIES = YES;
				BUNDLE_LOADER = "$(TEST_HOST)";
				INFOPLIST_FILE = AppTreinamentoTests/Info.plist;
				LD_RUNPATH_SEARCH_PATHS = "$(inherited) @executable_path/Frameworks @loader_path/Frameworks";
				PRODUCT_BUNDLE_IDENTIFIER = br.com.guimaraes.AppTreinamentoTests;
				PRODUCT_NAME = "$(TARGET_NAME)";
				SWIFT_VERSION = 4.0;
				TARGETED_DEVICE_FAMILY = "1,2";
				TEST_HOST = "$(BUILT_PRODUCTS_DIR)/AppTreinamento.app/AppTreinamento";
			};
			name = Release;
		};
		CE8EF8151F3635E5006349D0 /* Debug */ = {
			isa = XCBuildConfiguration;
			buildSettings = {
				ALWAYS_EMBED_SWIFT_STANDARD_LIBRARIES = YES;
				INFOPLIST_FILE = AppTreinamentoUITests/Info.plist;
				LD_RUNPATH_SEARCH_PATHS = "$(inherited) @executable_path/Frameworks @loader_path/Frameworks";
				PRODUCT_BUNDLE_IDENTIFIER = br.com.guimaraes.AppTreinamentoUITests;
				PRODUCT_NAME = "$(TARGET_NAME)";
				SWIFT_VERSION = 4.0;
				TARGETED_DEVICE_FAMILY = "1,2";
				TEST_TARGET_NAME = AppTreinamento;
			};
			name = Debug;
		};
		CE8EF8161F3635E5006349D0 /* Release */ = {
			isa = XCBuildConfiguration;
			buildSettings = {
				ALWAYS_EMBED_SWIFT_STANDARD_LIBRARIES = YES;
				INFOPLIST_FILE = AppTreinamentoUITests/Info.plist;
				LD_RUNPATH_SEARCH_PATHS = "$(inherited) @executable_path/Frameworks @loader_path/Frameworks";
				PRODUCT_BUNDLE_IDENTIFIER = br.com.guimaraes.AppTreinamentoUITests;
				PRODUCT_NAME = "$(TARGET_NAME)";
				SWIFT_VERSION = 4.0;
				TARGETED_DEVICE_FAMILY = "1,2";
				TEST_TARGET_NAME = AppTreinamento;
			};
			name = Release;
		};
/* End XCBuildConfiguration section */

/* Begin XCConfigurationList section */
		CE8EF7E11F3635E5006349D0 /* Build configuration list for PBXProject "AppTreinamento" */ = {
			isa = XCConfigurationList;
			buildConfigurations = (
				CE8EF80C1F3635E5006349D0 /* Debug */,
				CE8EF80D1F3635E5006349D0 /* Release */,
			);
			defaultConfigurationIsVisible = 0;
			defaultConfigurationName = Release;
		};
		CE8EF80E1F3635E5006349D0 /* Build configuration list for PBXNativeTarget "AppTreinamento" */ = {
			isa = XCConfigurationList;
			buildConfigurations = (
				CE8EF80F1F3635E5006349D0 /* Debug */,
				CE8EF8101F3635E5006349D0 /* Release */,
			);
			defaultConfigurationIsVisible = 0;
			defaultConfigurationName = Release;
		};
		CE8EF8111F3635E5006349D0 /* Build configuration list for PBXNativeTarget "AppTreinamentoTests" */ = {
			isa = XCConfigurationList;
			buildConfigurations = (
				CE8EF8121F3635E5006349D0 /* Debug */,
				CE8EF8131F3635E5006349D0 /* Release */,
			);
			defaultConfigurationIsVisible = 0;
			defaultConfigurationName = Release;
		};
		CE8EF8141F3635E5006349D0 /* Build configuration list for PBXNativeTarget "AppTreinamentoUITests" */ = {
			isa = XCConfigurationList;
			buildConfigurations = (
				CE8EF8151F3635E5006349D0 /* Debug */,
				CE8EF8161F3635E5006349D0 /* Release */,
			);
			defaultConfigurationIsVisible = 0;
			defaultConfigurationName = Release;
		};
/* End XCConfigurationList section */
	};
	rootObject = CE8EF7DE1F3635E5006349D0 /* Project object */;
}
